Microsoft Visual Studio Solution File, Format Version 12.00
# Visual Studio Version 17
VisualStudioVersion = 17.5.2.0
MinimumVisualStudioVersion = 10.0.40219.1
Project("{FAE04EC0-301F-11D3-BF4B-00C04F79EFBC}") = "AlertDengueApi", "AlertDengueApi\AlertDengueApi.csproj", "{4D8FE889-F249-70B9-F17A-606945D29D93}"
EndProject
Global
	GlobalSection(SolutionConfigurationPlatforms) = preSolution
		Debug|Any CPU = Debug|Any CPU
		Release|Any CPU = Release|Any CPU
	EndGlobalSection
	GlobalSection(ProjectConfigurationPlatforms) = postSolution
		{4D8FE889-F249-70B9-F17A-606945D29D93}.Debug|Any CPU.ActiveCfg = Debug|Any CPU
		{4D8FE889-F249-70B9-F17A-606945D29D93}.Debug|Any CPU.Build.0 = Debug|Any CPU
		{4D8FE889-F249-70B9-F17A-606945D29D93}.Release|Any CPU.ActiveCfg = Release|Any CPU
		{4D8FE889-F249-70B9-F17A-606945D29D93}.Release|Any CPU.Build.0 = Release|Any CPU
	EndGlobalSection
	GlobalSection(SolutionProperties) = preSolution
		HideSolutionNode = FALSE
	EndGlobalSection
	GlobalSection(ExtensibilityGlobals) = postSolution
		SolutionGuid = {883414E6-C4B9-4CA0-8020-B5CF451988E6}
	EndGlobalSection
EndGlobal
